{
  "name": "sticky-notes-app",
  "version": "1.0.0",
  "lockfileVersion": 3,
  "requires": true,
  "packages": {
    "": {
      "name": "sticky-notes-app",
      "version": "1.0.0",
      "license": "MIT",
      "dependencies": {
        "dotenv": "^16.3.1",
        "ejs": "^3.1.9",
        "express": "^4.18.2",
        "mongoose": "^7.5.0"
      },
      "devDependencies": {
        "nodemon": "^3.0.1"
      }
    },
    "node_modules/bson": {
      "version": "6.5.0",
      "resolved": "https://registry.npmjs.org/bson/-/bson-6.5.0.tgz",
      "integrity": "sha512-Nwa/5/1so9VCFRfqsfg14ZQZQUX/CldL1n9wJtQ8zGT2/5rEX2uVFvjL46K2HYSxujsTbETh5aHj8kD2kfa+uQ==",
      "engines": {
        "node": ">=14.20.1"
      }
    },
    "node_modules/dotenv": {
      "version": "16.3.1",
      "resolved": "https://registry.npmjs.org/dotenv/-/dotenv-16.3.1.tgz",
      "integrity": "sha512-IPzF4w4/Rd94bA9imS68tZBa